
Microsoft Visual Studio Solution File, Format Version 12.00
# Visual Studio 15
VisualStudioVersion = 15.0.28307.902
MinimumVisualStudioVersion = 10.0.40219.1
Project("{FAE04EC0-301F-11D3-BF4B-00C04F79EFBC}") = "StoreManager", "StoreManager\StoreManager.csproj", "{9610DB71-72A6-4170-AAF8-56E61731353F}"
EndProject
Global
	GlobalSection(SolutionConfigurationPlatforms) = preSolution
		Debug|Any CPU = Debug|Any CPU
		Release|Any CPU = Release|Any CPU
	EndGlobalSection
	GlobalSection(ProjectConfigurationPlatforms) = postSolution
		{9610DB71-72A6-4170-AAF8-56E61731353F}.Debug|Any CPU.ActiveCfg = Debug|Any CPU
		{9610DB71-72A6-4170-AAF8-56E61731353F}.Debug|Any CPU.Build.0 = Debug|Any CPU
		{9610DB71-72A6-4170-AAF8-56E61731353F}.Release|Any CPU.ActiveCfg = Release|Any CPU
		{9610DB71-72A6-4170-AAF8-56E61731353F}.Release|Any CPU.Build.0 = Release|Any CPU
	EndGlobalSection
	GlobalSection(SolutionProperties) = preSolution
		HideSolutionNode = FALSE
	EndGlobalSection
	GlobalSection(ExtensibilityGlobals) = postSolution
		SolutionGuid = {4910FBE5-6FA7-44EE-86E5-5506F4AFEA86}
	EndGlobalSection
EndGlobal
